{
  "name": "js",
  "lockfileVersion": 2,
  "requires": true,
  "packages": {
    "": {
      "dependencies": {
        "daikon": "^1.2.42",
        "dicom-parser": "^1.8.7",
        "requirejs": "^2.3.6",
        "three": "^0.125.0"
      }
    },
    "node_modules/daikon": {
      "version": "1.2.42",
      "resolved": "https://registry.npmjs.org/daikon/-/daikon-1.2.42.tgz",
      "integrity": "sha512-uEJKRNpJo6lWCMr1UehBJLCnpsmoY4cmaedjL03UCeUmyoV2SsCYiEo8I+rhfuoj2FHqtDJFRGfZAW729berww==",
      "dependencies": {
        "jpeg-lossless-decoder-js": "git+https://github.com/rii-mango/JPEGLosslessDecoderJS.git",
        "pako": "^1.0.6"
      }
    },
    "node_modules/dicom-parser": {
      "version": "1.8.7",
      "resolved": "https://registry.npmjs.org/dicom-parser/-/dicom-parser-1.8.7.tgz",
      "integrity": "sha512-JRh6ciXii1JiDFxd3yUiteNZbOd4Ebmq9HBJlxEJ4Gd1CC5tMIs8zoztK69Ih0UeT96ixbmanb4M2mjaaYT8sg=="
    },
    "node_modules/jpeg-lossless-decoder-js": {
      "version": "2.0.4",
      "resolved": "git+ssh://git@github.com/rii-mango/JPEGLosslessDecoderJS.git#78fe90c7cae985b1a394a66f99c81633144bb867",
      "license": "MIT"
    },
    "node_modules/pako": {
      "version": "1.0.11",
      "resolved": "https://registry.npmjs.org/pako/-/pako-1.0.11.tgz",
      "integrity": "sha512-4hLB8Py4zZce5s4yd9XzopqwVv/yGNhV1Bl8NTmCq1763HeK2+EwVTv+leGeL13Dnh2wfbqowVPXCIO0z4taYw=="
    },
    "node_modules/requirejs": {
      "version": "2.3.6",
      "resolved": "https://registry.npmjs.org/requirejs/-/requirejs-2.3.6.tgz",
      "integrity": "sha512-ipEzlWQe6RK3jkzikgCupiTbTvm4S0/CAU5GlgptkN5SO6F3u0UD0K18wy6ErDqiCyP4J4YYe1HuAShvsxePLg==",
      "bin": {
        "r_js": "bin/r.js",
        "r.js": "bin/r.js"
      },
      "engines": {
        "node": ">=0.4.0"
      }
    },
    "node_modules/three": {
      "version": "0.125.0",
      "resolved": "https://registry.npmjs.org/three/-/three-0.125.0.tgz",
      "integrity": "sha512-qL36qUGsPQ/Ofo/RZdXwHwM7A8wzUSAIyawtjIebJSPvounUQeneSqxI0aBY2iwKpseGy+RUtj3C5f/z4poyXw=="
    }
  },
  "dependencies": {
    "daikon": {
      "version": "1.2.42",
      "resolved": "https://registry.npmjs.org/daikon/-/daikon-1.2.42.tgz",
      "integrity": "sha512-uEJKRNpJo6lWCMr1UehBJLCnpsmoY4cmaedjL03UCeUmyoV2SsCYiEo8I+rhfuoj2FHqtDJFRGfZAW729berww==",
      "requires": {
        "jpeg-lossless-decoder-js": "git+https://github.com/rii-mango/JPEGLosslessDecoderJS.git",
        "pako": "^1.0.6"
      }
    },
    "dicom-parser": {
      "version": "1.8.7",
      "resolved": "https://registry.npmjs.org/dicom-parser/-/dicom-parser-1.8.7.tgz",
      "integrity": "sha512-JRh6ciXii1JiDFxd3yUiteNZbOd4Ebmq9HBJlxEJ4Gd1CC5tMIs8zoztK69Ih0UeT96ixbmanb4M2mjaaYT8sg=="
    },
    "jpeg-lossless-decoder-js": {
      "version": "git+ssh://git@github.com/rii-mango/JPEGLosslessDecoderJS.git#78fe90c7cae985b1a394a66f99c81633144bb867",
      "from": "jpeg-lossless-decoder-js@git+https://github.com/rii-mango/JPEGLosslessDecoderJS.git"
    },
    "pako": {
      "version": "1.0.11",
      "resolved": "https://registry.npmjs.org/pako/-/pako-1.0.11.tgz",
      "integrity": "sha512-4hLB8Py4zZce5s4yd9XzopqwVv/yGNhV1Bl8NTmCq1763HeK2+EwVTv+leGeL13Dnh2wfbqowVPXCIO0z4taYw=="
    },
    "requirejs": {
      "version": "2.3.6",
      "resolved": "https://registry.npmjs.org/requirejs/-/requirejs-2.3.6.tgz",
      "integrity": "sha512-ipEzlWQe6RK3jkzikgCupiTbTvm4S0/CAU5GlgptkN5SO6F3u0UD0K18wy6ErDqiCyP4J4YYe1HuAShvsxePLg=="
    },
    "three": {
      "version": "0.125.0",
      "resolved": "https://registry.npmjs.org/three/-/three-0.125.0.tgz",
      "integrity": "sha512-qL36qUGsPQ/Ofo/RZdXwHwM7A8wzUSAIyawtjIebJSPvounUQeneSqxI0aBY2iwKpseGy+RUtj3C5f/z4poyXw=="
    }
  }
}
